{
  "name": "Download",
  "lockfileVersion": 3,
  "requires": true,
  "packages": {
    "": {
      "dependencies": {
        "colors": "^1.4.0",
        "fake-useragent": "^1.0.1",
        "install": "^0.13.0",
        "user-agents": "^1.1.117"
      }
    },
    "node_modules/colors": {
      "version": "1.4.0",
      "resolved": "https://registry.npmjs.org/colors/-/colors-1.4.0.tgz",
      "integrity": "sha512-a+UqTh4kgZg/SlGvfbzDHpgRu7AAQOmmqRHJnxhRZICKFUT91brVhNNt58CMWU9PsBbv3PDCZUHbVxuDiH2mtA==",
      "engines": {
        "node": ">=0.1.90"
      }
    },
    "node_modules/fake-useragent": {
      "version": "1.0.1",
      "resolved": "https://registry.npmjs.org/fake-useragent/-/fake-useragent-1.0.1.tgz",
      "integrity": "sha512-BOQh1TM//DhrVaeZ+b3w3s4E40rfYcDTn5aoSM2w1xVsZVGglNOzPR5H8KDO8NmF8sT4ppxyb4/MHGIHfZsVDA=="
    },
    "node_modules/install": {
      "version": "0.13.0",
      "resolved": "https://registry.npmjs.org/install/-/install-0.13.0.tgz",
      "integrity": "sha512-zDml/jzr2PKU9I8J/xyZBQn8rPCAY//UOYNmR01XwNwyfhEWObo2SWfSl1+0tm1u6PhxLwDnfsT/6jB7OUxqFA==",
      "engines": {
        "node": ">= 0.10"
      }
    },
    "node_modules/lodash.clonedeep": {
      "version": "4.5.0",
      "resolved": "https://registry.npmjs.org/lodash.clonedeep/-/lodash.clonedeep-4.5.0.tgz",
      "integrity": "sha512-H5ZhCF25riFd9uB5UCkVKo61m3S/xZk1x4wA6yp/L3RFP6Z/eHH1ymQcGLo7J3GMPfm0V/7m1tryHuGVxpqEBQ=="
    },
    "node_modules/user-agents": {
      "version": "1.1.117",
      "resolved": "https://registry.npmjs.org/user-agents/-/user-agents-1.1.117.tgz",
      "integrity": "sha512-TzQZCuFiVX9VAZDaibKGDda35QwbGSX2Kc49th1eFwKpWmthib43g61NpvGQFRCHp4e8OZWqr6XTxAjYTIceTw==",
      "dependencies": {
        "lodash.clonedeep": "^4.5.0"
      }
    }
  }
}
